
Microsoft Visual Studio Solution File, Format Version 12.00
# Visual Studio Version 16
VisualStudioVersion = 16.0.31729.503
MinimumVisualStudioVersion = 10.0.40219.1
Project("{FAE04EC0-301F-11D3-BF4B-00C04F79EFBC}") = "Asteroids.Application", "Asteroids.Application\Asteroids.Application.csproj", "{22D85F38-0550-4A8C-8685-2E9270B8D8CA}"
EndProject
Project("{FAE04EC0-301F-11D3-BF4B-00C04F79EFBC}") = "Asteroids.Domain", "Asteroids.Domain\Asteroids.Domain.csproj", "{4B3A2C32-05A0-43EF-8DE2-01677E32D72C}"
EndProject
Global
	GlobalSection(SolutionConfigurationPlatforms) = preSolution
		Debug|Any CPU = Debug|Any CPU
		Release|Any CPU = Release|Any CPU
	EndGlobalSection
	GlobalSection(ProjectConfigurationPlatforms) = postSolution
		{22D85F38-0550-4A8C-8685-2E9270B8D8CA}.Debug|Any CPU.ActiveCfg = Debug|Any CPU
		{22D85F38-0550-4A8C-8685-2E9270B8D8CA}.Debug|Any CPU.Build.0 = Debug|Any CPU
		{22D85F38-0550-4A8C-8685-2E9270B8D8CA}.Release|Any CPU.ActiveCfg = Release|Any CPU
		{22D85F38-0550-4A8C-8685-2E9270B8D8CA}.Release|Any CPU.Build.0 = Release|Any CPU
		{4B3A2C32-05A0-43EF-8DE2-01677E32D72C}.Debug|Any CPU.ActiveCfg = Debug|Any CPU
		{4B3A2C32-05A0-43EF-8DE2-01677E32D72C}.Debug|Any CPU.Build.0 = Debug|Any CPU
		{4B3A2C32-05A0-43EF-8DE2-01677E32D72C}.Release|Any CPU.ActiveCfg = Release|Any CPU
		{4B3A2C32-05A0-43EF-8DE2-01677E32D72C}.Release|Any CPU.Build.0 = Release|Any CPU
	EndGlobalSection
	GlobalSection(SolutionProperties) = preSolution
		HideSolutionNode = FALSE
	EndGlobalSection
	GlobalSection(ExtensibilityGlobals) = postSolution
		SolutionGuid = {B5146E38-CEED-4D6E-B76E-B65573CB1B6C}
	EndGlobalSection
EndGlobal
